
Microsoft Visual Studio Solution File, Format Version 12.00
# Visual Studio Version 17
VisualStudioVersion = 17.10.35013.160
MinimumVisualStudioVersion = 10.0.40219.1
Project("{FAE04EC0-301F-11D3-BF4B-00C04F79EFBC}") = "Процесы", "Процесы\Процесы.csproj", "{F747C751-7BA7-4ABD-97AA-71F1B43263ED}"
EndProject
Global
	GlobalSection(SolutionConfigurationPlatforms) = preSolution
		Debug|Any CPU = Debug|Any CPU
		Release|Any CPU = Release|Any CPU
	EndGlobalSection
	GlobalSection(ProjectConfigurationPlatforms) = postSolution
		{F747C751-7BA7-4ABD-97AA-71F1B43263ED}.Debug|Any CPU.ActiveCfg = Debug|Any CPU
		{F747C751-7BA7-4ABD-97AA-71F1B43263ED}.Debug|Any CPU.Build.0 = Debug|Any CPU
		{F747C751-7BA7-4ABD-97AA-71F1B43263ED}.Release|Any CPU.ActiveCfg = Release|Any CPU
		{F747C751-7BA7-4ABD-97AA-71F1B43263ED}.Release|Any CPU.Build.0 = Release|Any CPU
	EndGlobalSection
	GlobalSection(SolutionProperties) = preSolution
		HideSolutionNode = FALSE
	EndGlobalSection
	GlobalSection(ExtensibilityGlobals) = postSolution
		SolutionGuid = {24788944-86A5-45E3-A47B-225C553ECE9C}
	EndGlobalSection
EndGlobal
